
Microsoft Visual Studio Solution File, Format Version 12.00
# Visual Studio Version 16
VisualStudioVersion = 16.0.29215.179
MinimumVisualStudioVersion = 10.0.40219.1
Project("{FAE04EC0-301F-11D3-BF4B-00C04F79EFBC}") = "CharacterCreator.Winforms", "CharacterCreator.Winforms.csproj", "{86861E04-5FAA-4843-BE65-3532B56165B3}"
EndProject
Project("{FAE04EC0-301F-11D3-BF4B-00C04F79EFBC}") = "CharacterCreator", "..\CharacterCreator\CharacterCreator.csproj", "{48CBBDF4-45DD-4487-A48A-75BD89C2FCB5}"
EndProject
Global
	GlobalSection(SolutionConfigurationPlatforms) = preSolution
		Debug|Any CPU = Debug|Any CPU
		Release|Any CPU = Release|Any CPU
	EndGlobalSection
	GlobalSection(ProjectConfigurationPlatforms) = postSolution
		{86861E04-5FAA-4843-BE65-3532B56165B3}.Debug|Any CPU.ActiveCfg = Debug|Any CPU
		{86861E04-5FAA-4843-BE65-3532B56165B3}.Debug|Any CPU.Build.0 = Debug|Any CPU
		{86861E04-5FAA-4843-BE65-3532B56165B3}.Release|Any CPU.ActiveCfg = Release|Any CPU
		{86861E04-5FAA-4843-BE65-3532B56165B3}.Release|Any CPU.Build.0 = Release|Any CPU
		{48CBBDF4-45DD-4487-A48A-75BD89C2FCB5}.Debug|Any CPU.ActiveCfg = Debug|Any CPU
		{48CBBDF4-45DD-4487-A48A-75BD89C2FCB5}.Debug|Any CPU.Build.0 = Debug|Any CPU
		{48CBBDF4-45DD-4487-A48A-75BD89C2FCB5}.Release|Any CPU.ActiveCfg = Release|Any CPU
		{48CBBDF4-45DD-4487-A48A-75BD89C2FCB5}.Release|Any CPU.Build.0 = Release|Any CPU
	EndGlobalSection
	GlobalSection(SolutionProperties) = preSolution
		HideSolutionNode = FALSE
	EndGlobalSection
	GlobalSection(ExtensibilityGlobals) = postSolution
		SolutionGuid = {C3FFBA7A-F0B2-4A7B-9C83-43C89B7FD5CC}
	EndGlobalSection
EndGlobal
